
Microsoft Visual Studio Solution File, Format Version 12.00
# Visual Studio Version 17
VisualStudioVersion = 17.5.002.0
MinimumVisualStudioVersion = 10.0.40219.1
Project("{2150E333-8FDC-42A3-9474-1A3956D46DE8}") = "csharp-prep", "csharp-prep", "{BC6E58AA-DFD5-4C77-AE41-36DC9E5FEA91}"
EndProject
Project("{9A19103F-16F7-4668-BE54-9A1E7A4F7556}") = "Prep1", "csharp-prep\Prep1\Prep1.csproj", "{7661BAC3-BE08-4731-86FD-10B39BAD95EC}"
EndProject
Project("{9A19103F-16F7-4668-BE54-9A1E7A4F7556}") = "Prep2", "csharp-prep\Prep2\Prep2.csproj", "{4E1564DB-7B08-4051-A789-2FFCFE50F8AA}"
EndProject
Project("{9A19103F-16F7-4668-BE54-9A1E7A4F7556}") = "Prep3", "csharp-prep\Prep3\Prep3.csproj", "{E02A66C0-4C8B-4806-9280-251A98EFA9DD}"
EndProject
Project("{9A19103F-16F7-4668-BE54-9A1E7A4F7556}") = "Prep4", "csharp-prep\Prep4\Prep4.csproj", "{A1E7EA1D-9222-4687-9B0F-879722493C85}"
EndProject
Project("{9A19103F-16F7-4668-BE54-9A1E7A4F7556}") = "Prep5", "csharp-prep\Prep5\Prep5.csproj", "{A2DB6CF9-0B84-4ABB-B83C-4150BB7067AF}"
EndProject
Project("{2150E333-8FDC-42A3-9474-1A3956D46DE8}") = "final", "final", "{31EEE32B-4CC9-43C7-B4F2-6EFD5AAAA09E}"
EndProject
Project("{9A19103F-16F7-4668-BE54-9A1E7A4F7556}") = "FinalProject", "final\FinalProject\FinalProject.csproj", "{A72B7FB6-5133-4AE8-847C-323011552DAD}"
EndProject
Project("{9A19103F-16F7-4668-BE54-9A1E7A4F7556}") = "Foundation1", "final\Foundation1\Foundation1.csproj", "{395213D8-15FA-4735-9E93-DC8099351642}"
EndProject
Project("{9A19103F-16F7-4668-BE54-9A1E7A4F7556}") = "Foundation2", "final\Foundation2\Foundation2.csproj", "{299D2446-48CA-4A02-936C-C3F9BD6D3DE0}"
EndProject
Project("{9A19103F-16F7-4668-BE54-9A1E7A4F7556}") = "Foundation3", "final\Foundation3\Foundation3.csproj", "{E99CC251-C02B-40C2-9ACE-72868C230A24}"
EndProject
Project("{9A19103F-16F7-4668-BE54-9A1E7A4F7556}") = "Foundation4", "final\Foundation4\Foundation4.csproj", "{46103C2E-9E3D-405B-ABA4-1EC71355F213}"
EndProject
Project("{2150E333-8FDC-42A3-9474-1A3956D46DE8}") = "prepare", "prepare", "{0A5B192F-881C-4AF2-908A-A7A48769AE1F}"
EndProject
Project("{9A19103F-16F7-4668-BE54-9A1E7A4F7556}") = "Learning02", "prepare\Learning02\Learning02.csproj", "{7253AB37-8AD8-444C-98E7-42FDD1B0C618}"
EndProject
Project("{9A19103F-16F7-4668-BE54-9A1E7A4F7556}") = "Learning03", "prepare\Learning03\Learning03.csproj", "{5EDAC177-1B8A-43BA-A9B3-50FFB464B04F}"
EndProject
Project("{9A19103F-16F7-4668-BE54-9A1E7A4F7556}") = "Learning04", "prepare\Learning04\Learning04.csproj", "{31ADD9E7-67F2-4D71-8198-2D760F59E43B}"
EndProject
Project("{9A19103F-16F7-4668-BE54-9A1E7A4F7556}") = "Learning05", "prepare\Learning05\Learning05.csproj", "{0A45AF01-6EC1-4DBB-9184-4BC7D66C0F58}"
EndProject
Project("{2150E333-8FDC-42A3-9474-1A3956D46DE8}") = "prove", "prove", "{CB0B1F9D-97FC-428F-8420-5952B9A24835}"
EndProject
Project("{9A19103F-16F7-4668-BE54-9A1E7A4F7556}") = "Develop02", "prove\Develop02\Develop02.csproj", "{1877B191-8A1C-4013-8AA3-16605B513820}"
EndProject
Project("{9A19103F-16F7-4668-BE54-9A1E7A4F7556}") = "Develop03", "prove\Develop03\Develop03.csproj", "{EA67C31C-DC5D-4B01-8707-5C1F72167C16}"
EndProject
Project("{9A19103F-16F7-4668-BE54-9A1E7A4F7556}") = "Develop04", "prove\Develop04\Develop04.csproj", "{724067AF-0BE8-455B-BF1E-52CCCC661FA2}"
EndProject
Project("{9A19103F-16F7-4668-BE54-9A1E7A4F7556}") = "Develop05", "prove\Develop05\Develop05.csproj", "{437179BC-18B1-4F97-A90C-149E51D7C2FA}"
EndProject
Project("{2150E333-8FDC-42A3-9474-1A3956D46DE8}") = "sandbox", "sandbox", "{C9F886A8-B5B9-4519-A0EB-46E91B15E4D6}"
EndProject
Project("{9A19103F-16F7-4668-BE54-9A1E7A4F7556}") = "Sandbox", "sandbox\Sandbox\Sandbox.csproj", "{3BB3266A-1492-4260-9A47-2206BC105BD6}"
EndProject
Global
	GlobalSection(SolutionConfigurationPlatforms) = preSolution
		Debug|Any CPU = Debug|Any CPU
		Release|Any CPU = Release|Any CPU
	EndGlobalSection
	GlobalSection(ProjectConfigurationPlatforms) = postSolution
		{7661BAC3-BE08-4731-86FD-10B39BAD95EC}.Debug|Any CPU.ActiveCfg = Debug|Any CPU
		{7661BAC3-BE08-4731-86FD-10B39BAD95EC}.Debug|Any CPU.Build.0 = Debug|Any CPU
		{7661BAC3-BE08-4731-86FD-10B39BAD95EC}.Release|Any CPU.ActiveCfg = Release|Any CPU
		{7661BAC3-BE08-4731-86FD-10B39BAD95EC}.Release|Any CPU.Build.0 = Release|Any CPU
		{4E1564DB-7B08-4051-A789-2FFCFE50F8AA}.Debug|Any CPU.ActiveCfg = Debug|Any CPU
		{4E1564DB-7B08-4051-A789-2FFCFE50F8AA}.Debug|Any CPU.Build.0 = Debug|Any CPU
		{4E1564DB-7B08-4051-A789-2FFCFE50F8AA}.Release|Any CPU.ActiveCfg = Release|Any CPU
		{4E1564DB-7B08-4051-A789-2FFCFE50F8AA}.Release|Any CPU.Build.0 = Release|Any CPU
		{E02A66C0-4C8B-4806-9280-251A98EFA9DD}.Debug|Any CPU.ActiveCfg = Debug|Any CPU
		{E02A66C0-4C8B-4806-9280-251A98EFA9DD}.Debug|Any CPU.Build.0 = Debug|Any CPU
		{E02A66C0-4C8B-4806-9280-251A98EFA9DD}.Release|Any CPU.ActiveCfg = Release|Any CPU
		{E02A66C0-4C8B-4806-9280-251A98EFA9DD}.Release|Any CPU.Build.0 = Release|Any CPU
		{A1E7EA1D-9222-4687-9B0F-879722493C85}.Debug|Any CPU.ActiveCfg = Debug|Any CPU
		{A1E7EA1D-9222-4687-9B0F-879722493C85}.Debug|Any CPU.Build.0 = Debug|Any CPU
		{A1E7EA1D-9222-4687-9B0F-879722493C85}.Release|Any CPU.ActiveCfg = Release|Any CPU
		{A1E7EA1D-9222-4687-9B0F-879722493C85}.Release|Any CPU.Build.0 = Release|Any CPU
		{A2DB6CF9-0B84-4ABB-B83C-4150BB7067AF}.Debug|Any CPU.ActiveCfg = Debug|Any CPU
		{A2DB6CF9-0B84-4ABB-B83C-4150BB7067AF}.Debug|Any CPU.Build.0 = Debug|Any CPU
		{A2DB6CF9-0B84-4ABB-B83C-4150BB7067AF}.Release|Any CPU.ActiveCfg = Release|Any CPU
		{A2DB6CF9-0B84-4ABB-B83C-4150BB7067AF}.Release|Any CPU.Build.0 = Release|Any CPU
		{A72B7FB6-5133-4AE8-847C-323011552DAD}.Debug|Any CPU.ActiveCfg = Debug|Any CPU
		{A72B7FB6-5133-4AE8-847C-323011552DAD}.Debug|Any CPU.Build.0 = Debug|Any CPU
		{A72B7FB6-5133-4AE8-847C-323011552DAD}.Release|Any CPU.ActiveCfg = Release|Any CPU
		{A72B7FB6-5133-4AE8-847C-323011552DAD}.Release|Any CPU.Build.0 = Release|Any CPU
		{395213D8-15FA-4735-9E93-DC8099351642}.Debug|Any CPU.ActiveCfg = Debug|Any CPU
		{395213D8-15FA-4735-9E93-DC8099351642}.Debug|Any CPU.Build.0 = Debug|Any CPU
		{395213D8-15FA-4735-9E93-DC8099351642}.Release|Any CPU.ActiveCfg = Release|Any CPU
		{395213D8-15FA-4735-9E93-DC8099351642}.Release|Any CPU.Build.0 = Release|Any CPU
		{299D2446-48CA-4A02-936C-C3F9BD6D3DE0}.Debug|Any CPU.ActiveCfg = Debug|Any CPU
		{299D2446-48CA-4A02-936C-C3F9BD6D3DE0}.Debug|Any CPU.Build.0 = Debug|Any CPU
		{299D2446-48CA-4A02-936C-C3F9BD6D3DE0}.Release|Any CPU.ActiveCfg = Release|Any CPU
		{299D2446-48CA-4A02-936C-C3F9BD6D3DE0}.Release|Any CPU.Build.0 = Release|Any CPU
		{E99CC251-C02B-40C2-9ACE-72868C230A24}.Debug|Any CPU.ActiveCfg = Debug|Any CPU
		{E99CC251-C02B-40C2-9ACE-72868C230A24}.Debug|Any CPU.Build.0 = Debug|Any CPU
		{E99CC251-C02B-40C2-9ACE-72868C230A24}.Release|Any CPU.ActiveCfg = Release|Any CPU
		{E99CC251-C02B-40C2-9ACE-72868C230A24}.Release|Any CPU.Build.0 = Release|Any CPU
		{46103C2E-9E3D-405B-ABA4-1EC71355F213}.Debug|Any CPU.ActiveCfg = Debug|Any CPU
		{46103C2E-9E3D-405B-ABA4-1EC71355F213}.Debug|Any CPU.Build.0 = Debug|Any CPU
		{46103C2E-9E3D-405B-ABA4-1EC71355F213}.Release|Any CPU.ActiveCfg = Release|Any CPU
		{46103C2E-9E3D-405B-ABA4-1EC71355F213}.Release|Any CPU.Build.0 = Release|Any CPU
		{7253AB37-8AD8-444C-98E7-42FDD1B0C618}.Debug|Any CPU.ActiveCfg = Debug|Any CPU
		{7253AB37-8AD8-444C-98E7-42FDD1B0C618}.Debug|Any CPU.Build.0 = Debug|Any CPU
		{7253AB37-8AD8-444C-98E7-42FDD1B0C618}.Release|Any CPU.ActiveCfg = Release|Any CPU
		{7253AB37-8AD8-444C-98E7-42FDD1B0C618}.Release|Any CPU.Build.0 = Release|Any CPU
		{5EDAC177-1B8A-43BA-A9B3-50FFB464B04F}.Debug|Any CPU.ActiveCfg = Debug|Any CPU
		{5EDAC177-1B8A-43BA-A9B3-50FFB464B04F}.Debug|Any CPU.Build.0 = Debug|Any CPU
		{5EDAC177-1B8A-43BA-A9B3-50FFB464B04F}.Release|Any CPU.ActiveCfg = Release|Any CPU
		{5EDAC177-1B8A-43BA-A9B3-50FFB464B04F}.Release|Any CPU.Build.0 = Release|Any CPU
		{31ADD9E7-67F2-4D71-8198-2D760F59E43B}.Debug|Any CPU.ActiveCfg = Debug|Any CPU
		{31ADD9E7-67F2-4D71-8198-2D760F59E43B}.Debug|Any CPU.Build.0 = Debug|Any CPU
		{31ADD9E7-67F2-4D71-8198-2D760F59E43B}.Release|Any CPU.ActiveCfg = Release|Any CPU
		{31ADD9E7-67F2-4D71-8198-2D760F59E43B}.Release|Any CPU.Build.0 = Release|Any CPU
		{0A45AF01-6EC1-4DBB-9184-4BC7D66C0F58}.Debug|Any CPU.ActiveCfg = Debug|Any CPU
		{0A45AF01-6EC1-4DBB-9184-4BC7D66C0F58}.Debug|Any CPU.Build.0 = Debug|Any CPU
		{0A45AF01-6EC1-4DBB-9184-4BC7D66C0F58}.Release|Any CPU.ActiveCfg = Release|Any CPU
		{0A45AF01-6EC1-4DBB-9184-4BC7D66C0F58}.Release|Any CPU.Build.0 = Release|Any CPU
		{1877B191-8A1C-4013-8AA3-16605B513820}.Debug|Any CPU.ActiveCfg = Debug|Any CPU
		{1877B191-8A1C-4013-8AA3-16605B513820}.Debug|Any CPU.Build.0 = Debug|Any CPU
		{1877B191-8A1C-4013-8AA3-16605B513820}.Release|Any CPU.ActiveCfg = Release|Any CPU
		{1877B191-8A1C-4013-8AA3-16605B513820}.Release|Any CPU.Build.0 = Release|Any CPU
		{EA67C31C-DC5D-4B01-8707-5C1F72167C16}.Debug|Any CPU.ActiveCfg = Debug|Any CPU
		{EA67C31C-DC5D-4B01-8707-5C1F72167C16}.Debug|Any CPU.Build.0 = Debug|Any CPU
		{EA67C31C-DC5D-4B01-8707-5C1F72167C16}.Release|Any CPU.ActiveCfg = Release|Any CPU
		{EA67C31C-DC5D-4B01-8707-5C1F72167C16}.Release|Any CPU.Build.0 = Release|Any CPU
		{724067AF-0BE8-455B-BF1E-52CCCC661FA2}.Debug|Any CPU.ActiveCfg = Debug|Any CPU
		{724067AF-0BE8-455B-BF1E-52CCCC661FA2}.Debug|Any CPU.Build.0 = Debug|Any CPU
		{724067AF-0BE8-455B-BF1E-52CCCC661FA2}.Release|Any CPU.ActiveCfg = Release|Any CPU
		{724067AF-0BE8-455B-BF1E-52CCCC661FA2}.Release|Any CPU.Build.0 = Release|Any CPU
		{437179BC-18B1-4F97-A90C-149E51D7C2FA}.Debug|Any CPU.ActiveCfg = Debug|Any CPU
		{437179BC-18B1-4F97-A90C-149E51D7C2FA}.Debug|Any CPU.Build.0 = Debug|Any CPU
		{437179BC-18B1-4F97-A90C-149E51D7C2FA}.Release|Any CPU.ActiveCfg = Release|Any CPU
		{437179BC-18B1-4F97-A90C-149E51D7C2FA}.Release|Any CPU.Build.0 = Release|Any CPU
		{3BB3266A-1492-4260-9A47-2206BC105BD6}.Debug|Any CPU.ActiveCfg = Debug|Any CPU
		{3BB3266A-1492-4260-9A47-2206BC105BD6}.Debug|Any CPU.Build.0 = Debug|Any CPU
		{3BB3266A-1492-4260-9A47-2206BC105BD6}.Release|Any CPU.ActiveCfg = Release|Any CPU
		{3BB3266A-1492-4260-9A47-2206BC105BD6}.Release|Any CPU.Build.0 = Release|Any CPU
	EndGlobalSection
	GlobalSection(SolutionProperties) = preSolution
		HideSolutionNode = FALSE
	EndGlobalSection
	GlobalSection(NestedProjects) = preSolution
		{7661BAC3-BE08-4731-86FD-10B39BAD95EC} = {BC6E58AA-DFD5-4C77-AE41-36DC9E5FEA91}
		{4E1564DB-7B08-4051-A789-2FFCFE50F8AA} = {BC6E58AA-DFD5-4C77-AE41-36DC9E5FEA91}
		{E02A66C0-4C8B-4806-9280-251A98EFA9DD} = {BC6E58AA-DFD5-4C77-AE41-36DC9E5FEA91}
		{A1E7EA1D-9222-4687-9B0F-879722493C85} = {BC6E58AA-DFD5-4C77-AE41-36DC9E5FEA91}
		{A2DB6CF9-0B84-4ABB-B83C-4150BB7067AF} = {BC6E58AA-DFD5-4C77-AE41-36DC9E5FEA91}
		{A72B7FB6-5133-4AE8-847C-323011552DAD} = {31EEE32B-4CC9-43C7-B4F2-6EFD5AAAA09E}
		{395213D8-15FA-4735-9E93-DC8099351642} = {31EEE32B-4CC9-43C7-B4F2-6EFD5AAAA09E}
		{299D2446-48CA-4A02-936C-C3F9BD6D3DE0} = {31EEE32B-4CC9-43C7-B4F2-6EFD5AAAA09E}
		{E99CC251-C02B-40C2-9ACE-72868C230A24} = {31EEE32B-4CC9-43C7-B4F2-6EFD5AAAA09E}
		{46103C2E-9E3D-405B-ABA4-1EC71355F213} = {31EEE32B-4CC9-43C7-B4F2-6EFD5AAAA09E}
		{7253AB37-8AD8-444C-98E7-42FDD1B0C618} = {0A5B192F-881C-4AF2-908A-A7A48769AE1F}
		{5EDAC177-1B8A-43BA-A9B3-50FFB464B04F} = {0A5B192F-881C-4AF2-908A-A7A48769AE1F}
		{31ADD9E7-67F2-4D71-8198-2D760F59E43B} = {0A5B192F-881C-4AF2-908A-A7A48769AE1F}
		{0A45AF01-6EC1-4DBB-9184-4BC7D66C0F58} = {0A5B192F-881C-4AF2-908A-A7A48769AE1F}
		{1877B191-8A1C-4013-8AA3-16605B513820} = {CB0B1F9D-97FC-428F-8420-5952B9A24835}
		{EA67C31C-DC5D-4B01-8707-5C1F72167C16} = {CB0B1F9D-97FC-428F-8420-5952B9A24835}
		{724067AF-0BE8-455B-BF1E-52CCCC661FA2} = {CB0B1F9D-97FC-428F-8420-5952B9A24835}
		{437179BC-18B1-4F97-A90C-149E51D7C2FA} = {CB0B1F9D-97FC-428F-8420-5952B9A24835}
		{3BB3266A-1492-4260-9A47-2206BC105BD6} = {C9F886A8-B5B9-4519-A0EB-46E91B15E4D6}
	EndGlobalSection
	GlobalSection(ExtensibilityGlobals) = postSolution
		SolutionGuid = {76AB903C-3F1F-4086-A32D-16265FD70BBB}
	EndGlobalSection
EndGlobal
